
Microsoft Visual Studio Solution File, Format Version 12.00
# Visual Studio Version 17
VisualStudioVersion = 17.5.002.0
MinimumVisualStudioVersion = 10.0.40219.1
Project("{9A19103F-16F7-4668-BE54-9A1E7A4F7556}") = "ChatServer", "ChatServer\ChatServer.csproj", "{89620EDE-FA65-4740-916F-597F94E8C164}"
EndProject
Global
	GlobalSection(SolutionConfigurationPlatforms) = preSolution
		Debug|Any CPU = Debug|Any CPU
		Release|Any CPU = Release|Any CPU
	EndGlobalSection
	GlobalSection(ProjectConfigurationPlatforms) = postSolution
		{89620EDE-FA65-4740-916F-597F94E8C164}.Debug|Any CPU.ActiveCfg = Debug|Any CPU
		{89620EDE-FA65-4740-916F-597F94E8C164}.Debug|Any CPU.Build.0 = Debug|Any CPU
		{89620EDE-FA65-4740-916F-597F94E8C164}.Release|Any CPU.ActiveCfg = Release|Any CPU
		{89620EDE-FA65-4740-916F-597F94E8C164}.Release|Any CPU.Build.0 = Release|Any CPU
	EndGlobalSection
	GlobalSection(SolutionProperties) = preSolution
		HideSolutionNode = FALSE
	EndGlobalSection
	GlobalSection(ExtensibilityGlobals) = postSolution
		SolutionGuid = {4130F723-4A37-4645-9B76-66419395170A}
	EndGlobalSection
EndGlobal
